{
  "requires": true,
  "lockfileVersion": 1,
  "dependencies": {
    "knacss": {
      "version": "7.0.7",
      "resolved": "https://registry.npmjs.org/knacss/-/knacss-7.0.7.tgz",
      "integrity": "sha512-3ChT7pyvsx9xExl3OJjk/Q5Iv2d5HI2FzB+x3ZlzuGlkONKVtnAVfdhJWMJDG1xL0BPyzWcTBL76Lp/cy6g/zw=="
    }
  }
}
